Microsoft Visual Studio Solution File, Format Version 12.00
# Visual Studio 15
VisualStudioVersion = 15.0.26403.7
MinimumVisualStudioVersion = 15.0.26124.0
Project("{9A19103F-16F7-4668-BE54-9A1E7A4F7556}") = "AspNetCoreWebApplicationTest", "AspNetCoreWebApplicationTest\AspNetCoreWebApplicationTest.csproj", "{326B2DBC-CDF5-4581-99A7-8C1A9F41E5AC}"
EndProject
Project("{9A19103F-16F7-4668-BE54-9A1E7A4F7556}") = "BasicModels", "BasicModels\BasicModels.csproj", "{0AC60190-EF03-4AB9-A171-E1E699013517}"
EndProject
Project("{9A19103F-16F7-4668-BE54-9A1E7A4F7556}") = "MongoDBAccess", "MongoDBAccess\MongoDBAccess.csproj", "{E990F603-E970-4A52-8F97-A2B22FA16B12}"
EndProject
Project("{9A19103F-16F7-4668-BE54-9A1E7A4F7556}") = "BlockChainProject", "BlockChainProject\BlockChainProject.csproj", "{FFB41931-EAE3-490A-9E55-9DA0237B9E36}"
EndProject
Project("{9A19103F-16F7-4668-BE54-9A1E7A4F7556}") = "Models", "Models\Models.csproj", "{35636872-59C7-4A40-9B25-442FDE1B410E}"
EndProject
Global
	GlobalSection(SolutionConfigurationPlatforms) = preSolution
		Debug|Any CPU = Debug|Any CPU
		Release|Any CPU = Release|Any CPU
	EndGlobalSection
	GlobalSection(ProjectConfigurationPlatforms) = postSolution
		{326B2DBC-CDF5-4581-99A7-8C1A9F41E5AC}.Debug|Any CPU.ActiveCfg = Debug|Any CPU
		{326B2DBC-CDF5-4581-99A7-8C1A9F41E5AC}.Debug|Any CPU.Build.0 = Debug|Any CPU
		{326B2DBC-CDF5-4581-99A7-8C1A9F41E5AC}.Release|Any CPU.ActiveCfg = Release|Any CPU
		{326B2DBC-CDF5-4581-99A7-8C1A9F41E5AC}.Release|Any CPU.Build.0 = Release|Any CPU
		{0AC60190-EF03-4AB9-A171-E1E699013517}.Debug|Any CPU.ActiveCfg = Debug|Any CPU
		{0AC60190-EF03-4AB9-A171-E1E699013517}.Debug|Any CPU.Build.0 = Debug|Any CPU
		{0AC60190-EF03-4AB9-A171-E1E699013517}.Release|Any CPU.ActiveCfg = Release|Any CPU
		{0AC60190-EF03-4AB9-A171-E1E699013517}.Release|Any CPU.Build.0 = Release|Any CPU
		{E990F603-E970-4A52-8F97-A2B22FA16B12}.Debug|Any CPU.ActiveCfg = Debug|Any CPU
		{E990F603-E970-4A52-8F97-A2B22FA16B12}.Debug|Any CPU.Build.0 = Debug|Any CPU
		{E990F603-E970-4A52-8F97-A2B22FA16B12}.Release|Any CPU.ActiveCfg = Release|Any CPU
		{E990F603-E970-4A52-8F97-A2B22FA16B12}.Release|Any CPU.Build.0 = Release|Any CPU
		{FFB41931-EAE3-490A-9E55-9DA0237B9E36}.Debug|Any CPU.ActiveCfg = Debug|Any CPU
		{FFB41931-EAE3-490A-9E55-9DA0237B9E36}.Debug|Any CPU.Build.0 = Debug|Any CPU
		{FFB41931-EAE3-490A-9E55-9DA0237B9E36}.Release|Any CPU.ActiveCfg = Release|Any CPU
		{FFB41931-EAE3-490A-9E55-9DA0237B9E36}.Release|Any CPU.Build.0 = Release|Any CPU
		{35636872-59C7-4A40-9B25-442FDE1B410E}.Debug|Any CPU.ActiveCfg = Debug|Any CPU
		{35636872-59C7-4A40-9B25-442FDE1B410E}.Debug|Any CPU.Build.0 = Debug|Any CPU
		{35636872-59C7-4A40-9B25-442FDE1B410E}.Release|Any CPU.ActiveCfg = Release|Any CPU
		{35636872-59C7-4A40-9B25-442FDE1B410E}.Release|Any CPU.Build.0 = Release|Any CPU
	EndGlobalSection
	GlobalSection(SolutionProperties) = preSolution
		HideSolutionNode = FALSE
	EndGlobalSection
	GlobalSection(ExtensibilityGlobals) = postSolution
		SolutionGuid = {59DD22DB-DAC8-4790-8399-2F8FEDD16C7B}
	EndGlobalSection
EndGlobal
